{
  "version": 1,
  "dependencies": {
    "net8.0": {
      "BepuPhysics": {
        "type": "Transitive",
        "resolved": "2.4.0",
        "contentHash": "Ck/BJgSQrBqYrj0T9jGljDdHNILBP5kTPTylc7N/hCzR1XJJc7p6ORzwtjTfjgoYkkdajvLHxEQv6BRC8kaysQ==",
        "dependencies": {
          "BepuUtilities": "2.4.0"
        }
      },
      "BepuUtilities": {
        "type": "Transitive",
        "resolved": "2.4.0",
        "contentHash": "KNMxkzKLHAvV7jRtErxs3rPv71fHToqo/WN96HlT6iomWuwL97tohEbt0B1WA8A6sO5t6PP+qF08d4T9A8k2uA=="
      },
      "behaviourgraph.core": {
        "type": "Project",
        "dependencies": {
          "BepuPhysics": "[2.4.0, )"
        }
      }
    }
  }
}